
Microsoft Visual Studio Solution File, Format Version 12.00
# Visual Studio Version 16
VisualStudioVersion = 16.0.28729.10
MinimumVisualStudioVersion = 10.0.40219.1
Project("{FAE04EC0-301F-11D3-BF4B-00C04F79EFBC}") = "Atestat Informatica - Joc de Sah", "Atestat Informatica - Joc de Sah.csproj", "{D9AFB353-DAEB-45C7-A5EF-1787446E277B}"
EndProject
Global
	GlobalSection(SolutionConfigurationPlatforms) = preSolution
		Debug|Any CPU = Debug|Any CPU
		Release|Any CPU = Release|Any CPU
	EndGlobalSection
	GlobalSection(ProjectConfigurationPlatforms) = postSolution
		{D9AFB353-DAEB-45C7-A5EF-1787446E277B}.Debug|Any CPU.ActiveCfg = Debug|Any CPU
		{D9AFB353-DAEB-45C7-A5EF-1787446E277B}.Debug|Any CPU.Build.0 = Debug|Any CPU
		{D9AFB353-DAEB-45C7-A5EF-1787446E277B}.Release|Any CPU.ActiveCfg = Release|Any CPU
		{D9AFB353-DAEB-45C7-A5EF-1787446E277B}.Release|Any CPU.Build.0 = Release|Any CPU
	EndGlobalSection
	GlobalSection(SolutionProperties) = preSolution
		HideSolutionNode = FALSE
	EndGlobalSection
	GlobalSection(ExtensibilityGlobals) = postSolution
		SolutionGuid = {30640FE9-4EA3-4701-BA21-A9E2543E09A1}
	EndGlobalSection
EndGlobal
