
Microsoft Visual Studio Solution File, Format Version 12.00
# Visual Studio Version 16
VisualStudioVersion = 16.0.28803.202
MinimumVisualStudioVersion = 10.0.40219.1
Project("{FAE04EC0-301F-11D3-BF4B-00C04F79EFBC}") = "Operations and Conversions Calculator", "Operations and Conversions Calculator.csproj", "{03E7CCCA-DF68-4842-9826-EFF154CC236E}"
EndProject
Global
	GlobalSection(SolutionConfigurationPlatforms) = preSolution
		Debug|Any CPU = Debug|Any CPU
		Release|Any CPU = Release|Any CPU
	EndGlobalSection
	GlobalSection(ProjectConfigurationPlatforms) = postSolution
		{03E7CCCA-DF68-4842-9826-EFF154CC236E}.Debug|Any CPU.ActiveCfg = Debug|Any CPU
		{03E7CCCA-DF68-4842-9826-EFF154CC236E}.Debug|Any CPU.Build.0 = Debug|Any CPU
		{03E7CCCA-DF68-4842-9826-EFF154CC236E}.Release|Any CPU.ActiveCfg = Release|Any CPU
		{03E7CCCA-DF68-4842-9826-EFF154CC236E}.Release|Any CPU.Build.0 = Release|Any CPU
	EndGlobalSection
	GlobalSection(SolutionProperties) = preSolution
		HideSolutionNode = FALSE
	EndGlobalSection
	GlobalSection(ExtensibilityGlobals) = postSolution
		SolutionGuid = {4D80C299-FB78-4869-8143-57364267EFBA}
	EndGlobalSection
EndGlobal
